
Microsoft Visual Studio Solution File, Format Version 12.00
# Visual Studio Version 17
VisualStudioVersion = 17.0.31903.59
MinimumVisualStudioVersion = 10.0.40219.1
Project("{2150E333-8FDC-42A3-9474-1A3956D46DE8}") = "src", "src", "{731EFEC4-963B-4614-888C-73FC7D561384}"
EndProject
Project("{2150E333-8FDC-42A3-9474-1A3956D46DE8}") = "tests", "tests", "{F66C35B4-9132-4FDF-95E8-8659E766B9D1}"
EndProject
Project("{2150E333-8FDC-42A3-9474-1A3956D46DE8}") = "School", "School", "{EACD92F9-84D7-4928-9350-E69CEDD59582}"
EndProject
Project("{2150E333-8FDC-42A3-9474-1A3956D46DE8}") = "Teacher", "Teacher", "{5203D501-1A2C-4A11-B6A5-F5B876C491EC}"
EndProject
Project("{2150E333-8FDC-42A3-9474-1A3956D46DE8}") = "Student", "Student", "{D7017BBD-2FAB-4C4C-B65D-DA583AA6D93C}"
EndProject
Project("{2150E333-8FDC-42A3-9474-1A3956D46DE8}") = "Grade", "Grade", "{86EF5615-DC34-4C28-BB8C-9395124E990C}"
EndProject
Project("{9A19103F-16F7-4668-BE54-9A1E7A4F7556}") = "Grade.Domain", "src\Grades\Grade.Domain\Grade.Domain.csproj", "{A62DF204-CB47-4789-A0E8-8BC5C6949703}"
EndProject
Project("{9A19103F-16F7-4668-BE54-9A1E7A4F7556}") = "Grade.Application", "src\Grades\Grade.Application\Grade.Application.csproj", "{31E31EA5-551E-4C74-AD29-12326CB63874}"
EndProject
Project("{9A19103F-16F7-4668-BE54-9A1E7A4F7556}") = "Grade.Infrastructure", "src\Grades\Grade.Infrastructure\Grade.Infrastructure.csproj", "{46223A1A-0E5A-4BD9-883F-98024C84F503}"
EndProject
Project("{9A19103F-16F7-4668-BE54-9A1E7A4F7556}") = "Grade.API", "src\Grades\Grade.API\Grade.API.csproj", "{9A618A47-5EBE-4896-B060-B74E65990F77}"
EndProject
Project("{9A19103F-16F7-4668-BE54-9A1E7A4F7556}") = "School.API", "src\Schools\School.API\School.API.csproj", "{00ECAB39-AF9B-436F-B826-DD6B5E57B7DB}"
EndProject
Project("{9A19103F-16F7-4668-BE54-9A1E7A4F7556}") = "School.Domain", "src\Schools\School.Domain\School.Domain.csproj", "{DA42FA6C-1D3E-4A0E-B8C6-CCA81896D011}"
EndProject
Project("{9A19103F-16F7-4668-BE54-9A1E7A4F7556}") = "School.Application", "src\Schools\School.Application\School.Application.csproj", "{8783FF72-F416-4660-B36D-E2A56FE4FC30}"
EndProject
Project("{9A19103F-16F7-4668-BE54-9A1E7A4F7556}") = "School.Infrastructure", "src\Schools\School.Infrastructure\School.Infrastructure.csproj", "{E47A9C3F-16A3-4C03-A153-F3C53AC732F3}"
EndProject
Project("{9A19103F-16F7-4668-BE54-9A1E7A4F7556}") = "Student.API", "src\Students\Student.API\Student.API.csproj", "{3FBA8A85-F3FE-455D-B37D-A70BCE8D9E04}"
EndProject
Project("{9A19103F-16F7-4668-BE54-9A1E7A4F7556}") = "Student.Domain", "src\Students\Student.Domain\Student.Domain.csproj", "{E8F5E420-E4A8-48E7-BCCC-7A9DDD6D2B3A}"
EndProject
Project("{9A19103F-16F7-4668-BE54-9A1E7A4F7556}") = "Student.Application", "src\Students\Student.Application\Student.Application.csproj", "{FD72D74B-78B6-4157-91DB-E881DA4DAEC2}"
EndProject
Project("{9A19103F-16F7-4668-BE54-9A1E7A4F7556}") = "Student.Infrastructure", "src\Students\Student.Infrastructure\Student.Infrastructure.csproj", "{308239A1-D618-4576-9CD5-51A4F321AB4F}"
EndProject
Project("{9A19103F-16F7-4668-BE54-9A1E7A4F7556}") = "Teacher.API", "src\Teachers\Teacher.API\Teacher.API.csproj", "{23357622-F38C-4925-8834-6A8219DFC174}"
EndProject
Project("{9A19103F-16F7-4668-BE54-9A1E7A4F7556}") = "Teacher.Domain", "src\Teachers\Teacher.Domain\Teacher.Domain.csproj", "{F2B5EC55-1D6D-40D5-9E6E-7C54AAA4717A}"
EndProject
Project("{9A19103F-16F7-4668-BE54-9A1E7A4F7556}") = "Teacher.Application", "src\Teachers\Teacher.Application\Teacher.Application.csproj", "{34E67CE0-7D61-451E-82B3-3C00F23D6605}"
EndProject
Project("{9A19103F-16F7-4668-BE54-9A1E7A4F7556}") = "Teacher.Infrastructure", "src\Teachers\Teacher.Infrastructure\Teacher.Infrastructure.csproj", "{3737BBF9-76B1-4B2F-A838-57D8776FB9E2}"
EndProject
Global
	GlobalSection(SolutionConfigurationPlatforms) = preSolution
		Debug|Any CPU = Debug|Any CPU
		Release|Any CPU = Release|Any CPU
	EndGlobalSection
	GlobalSection(ProjectConfigurationPlatforms) = postSolution
		{A62DF204-CB47-4789-A0E8-8BC5C6949703}.Debug|Any CPU.ActiveCfg = Debug|Any CPU
		{A62DF204-CB47-4789-A0E8-8BC5C6949703}.Debug|Any CPU.Build.0 = Debug|Any CPU
		{A62DF204-CB47-4789-A0E8-8BC5C6949703}.Release|Any CPU.ActiveCfg = Release|Any CPU
		{A62DF204-CB47-4789-A0E8-8BC5C6949703}.Release|Any CPU.Build.0 = Release|Any CPU
		{31E31EA5-551E-4C74-AD29-12326CB63874}.Debug|Any CPU.ActiveCfg = Debug|Any CPU
		{31E31EA5-551E-4C74-AD29-12326CB63874}.Debug|Any CPU.Build.0 = Debug|Any CPU
		{31E31EA5-551E-4C74-AD29-12326CB63874}.Release|Any CPU.ActiveCfg = Release|Any CPU
		{31E31EA5-551E-4C74-AD29-12326CB63874}.Release|Any CPU.Build.0 = Release|Any CPU
		{46223A1A-0E5A-4BD9-883F-98024C84F503}.Debug|Any CPU.ActiveCfg = Debug|Any CPU
		{46223A1A-0E5A-4BD9-883F-98024C84F503}.Debug|Any CPU.Build.0 = Debug|Any CPU
		{46223A1A-0E5A-4BD9-883F-98024C84F503}.Release|Any CPU.ActiveCfg = Release|Any CPU
		{46223A1A-0E5A-4BD9-883F-98024C84F503}.Release|Any CPU.Build.0 = Release|Any CPU
		{9A618A47-5EBE-4896-B060-B74E65990F77}.Debug|Any CPU.ActiveCfg = Debug|Any CPU
		{9A618A47-5EBE-4896-B060-B74E65990F77}.Debug|Any CPU.Build.0 = Debug|Any CPU
		{9A618A47-5EBE-4896-B060-B74E65990F77}.Release|Any CPU.ActiveCfg = Release|Any CPU
		{9A618A47-5EBE-4896-B060-B74E65990F77}.Release|Any CPU.Build.0 = Release|Any CPU
		{00ECAB39-AF9B-436F-B826-DD6B5E57B7DB}.Debug|Any CPU.ActiveCfg = Debug|Any CPU
		{00ECAB39-AF9B-436F-B826-DD6B5E57B7DB}.Debug|Any CPU.Build.0 = Debug|Any CPU
		{00ECAB39-AF9B-436F-B826-DD6B5E57B7DB}.Release|Any CPU.ActiveCfg = Release|Any CPU
		{00ECAB39-AF9B-436F-B826-DD6B5E57B7DB}.Release|Any CPU.Build.0 = Release|Any CPU
		{DA42FA6C-1D3E-4A0E-B8C6-CCA81896D011}.Debug|Any CPU.ActiveCfg = Debug|Any CPU
		{DA42FA6C-1D3E-4A0E-B8C6-CCA81896D011}.Debug|Any CPU.Build.0 = Debug|Any CPU
		{DA42FA6C-1D3E-4A0E-B8C6-CCA81896D011}.Release|Any CPU.ActiveCfg = Release|Any CPU
		{DA42FA6C-1D3E-4A0E-B8C6-CCA81896D011}.Release|Any CPU.Build.0 = Release|Any CPU
		{8783FF72-F416-4660-B36D-E2A56FE4FC30}.Debug|Any CPU.ActiveCfg = Debug|Any CPU
		{8783FF72-F416-4660-B36D-E2A56FE4FC30}.Debug|Any CPU.Build.0 = Debug|Any CPU
		{8783FF72-F416-4660-B36D-E2A56FE4FC30}.Release|Any CPU.ActiveCfg = Release|Any CPU
		{8783FF72-F416-4660-B36D-E2A56FE4FC30}.Release|Any CPU.Build.0 = Release|Any CPU
		{E47A9C3F-16A3-4C03-A153-F3C53AC732F3}.Debug|Any CPU.ActiveCfg = Debug|Any CPU
		{E47A9C3F-16A3-4C03-A153-F3C53AC732F3}.Debug|Any CPU.Build.0 = Debug|Any CPU
		{E47A9C3F-16A3-4C03-A153-F3C53AC732F3}.Release|Any CPU.ActiveCfg = Release|Any CPU
		{E47A9C3F-16A3-4C03-A153-F3C53AC732F3}.Release|Any CPU.Build.0 = Release|Any CPU
		{3FBA8A85-F3FE-455D-B37D-A70BCE8D9E04}.Debug|Any CPU.ActiveCfg = Debug|Any CPU
		{3FBA8A85-F3FE-455D-B37D-A70BCE8D9E04}.Debug|Any CPU.Build.0 = Debug|Any CPU
		{3FBA8A85-F3FE-455D-B37D-A70BCE8D9E04}.Release|Any CPU.ActiveCfg = Release|Any CPU
		{3FBA8A85-F3FE-455D-B37D-A70BCE8D9E04}.Release|Any CPU.Build.0 = Release|Any CPU
		{E8F5E420-E4A8-48E7-BCCC-7A9DDD6D2B3A}.Debug|Any CPU.ActiveCfg = Debug|Any CPU
		{E8F5E420-E4A8-48E7-BCCC-7A9DDD6D2B3A}.Debug|Any CPU.Build.0 = Debug|Any CPU
		{E8F5E420-E4A8-48E7-BCCC-7A9DDD6D2B3A}.Release|Any CPU.ActiveCfg = Release|Any CPU
		{E8F5E420-E4A8-48E7-BCCC-7A9DDD6D2B3A}.Release|Any CPU.Build.0 = Release|Any CPU
		{FD72D74B-78B6-4157-91DB-E881DA4DAEC2}.Debug|Any CPU.ActiveCfg = Debug|Any CPU
		{FD72D74B-78B6-4157-91DB-E881DA4DAEC2}.Debug|Any CPU.Build.0 = Debug|Any CPU
		{FD72D74B-78B6-4157-91DB-E881DA4DAEC2}.Release|Any CPU.ActiveCfg = Release|Any CPU
		{FD72D74B-78B6-4157-91DB-E881DA4DAEC2}.Release|Any CPU.Build.0 = Release|Any CPU
		{308239A1-D618-4576-9CD5-51A4F321AB4F}.Debug|Any CPU.ActiveCfg = Debug|Any CPU
		{308239A1-D618-4576-9CD5-51A4F321AB4F}.Debug|Any CPU.Build.0 = Debug|Any CPU
		{308239A1-D618-4576-9CD5-51A4F321AB4F}.Release|Any CPU.ActiveCfg = Release|Any CPU
		{308239A1-D618-4576-9CD5-51A4F321AB4F}.Release|Any CPU.Build.0 = Release|Any CPU
		{23357622-F38C-4925-8834-6A8219DFC174}.Debug|Any CPU.ActiveCfg = Debug|Any CPU
		{23357622-F38C-4925-8834-6A8219DFC174}.Debug|Any CPU.Build.0 = Debug|Any CPU
		{23357622-F38C-4925-8834-6A8219DFC174}.Release|Any CPU.ActiveCfg = Release|Any CPU
		{23357622-F38C-4925-8834-6A8219DFC174}.Release|Any CPU.Build.0 = Release|Any CPU
		{F2B5EC55-1D6D-40D5-9E6E-7C54AAA4717A}.Debug|Any CPU.ActiveCfg = Debug|Any CPU
		{F2B5EC55-1D6D-40D5-9E6E-7C54AAA4717A}.Debug|Any CPU.Build.0 = Debug|Any CPU
		{F2B5EC55-1D6D-40D5-9E6E-7C54AAA4717A}.Release|Any CPU.ActiveCfg = Release|Any CPU
		{F2B5EC55-1D6D-40D5-9E6E-7C54AAA4717A}.Release|Any CPU.Build.0 = Release|Any CPU
		{34E67CE0-7D61-451E-82B3-3C00F23D6605}.Debug|Any CPU.ActiveCfg = Debug|Any CPU
		{34E67CE0-7D61-451E-82B3-3C00F23D6605}.Debug|Any CPU.Build.0 = Debug|Any CPU
		{34E67CE0-7D61-451E-82B3-3C00F23D6605}.Release|Any CPU.ActiveCfg = Release|Any CPU
		{34E67CE0-7D61-451E-82B3-3C00F23D6605}.Release|Any CPU.Build.0 = Release|Any CPU
		{3737BBF9-76B1-4B2F-A838-57D8776FB9E2}.Debug|Any CPU.ActiveCfg = Debug|Any CPU
		{3737BBF9-76B1-4B2F-A838-57D8776FB9E2}.Debug|Any CPU.Build.0 = Debug|Any CPU
		{3737BBF9-76B1-4B2F-A838-57D8776FB9E2}.Release|Any CPU.ActiveCfg = Release|Any CPU
		{3737BBF9-76B1-4B2F-A838-57D8776FB9E2}.Release|Any CPU.Build.0 = Release|Any CPU
	EndGlobalSection
	GlobalSection(SolutionProperties) = preSolution
		HideSolutionNode = FALSE
	EndGlobalSection
	GlobalSection(NestedProjects) = preSolution
		{EACD92F9-84D7-4928-9350-E69CEDD59582} = {731EFEC4-963B-4614-888C-73FC7D561384}
		{5203D501-1A2C-4A11-B6A5-F5B876C491EC} = {731EFEC4-963B-4614-888C-73FC7D561384}
		{D7017BBD-2FAB-4C4C-B65D-DA583AA6D93C} = {731EFEC4-963B-4614-888C-73FC7D561384}
		{86EF5615-DC34-4C28-BB8C-9395124E990C} = {731EFEC4-963B-4614-888C-73FC7D561384}
		{A62DF204-CB47-4789-A0E8-8BC5C6949703} = {86EF5615-DC34-4C28-BB8C-9395124E990C}
		{31E31EA5-551E-4C74-AD29-12326CB63874} = {86EF5615-DC34-4C28-BB8C-9395124E990C}
		{46223A1A-0E5A-4BD9-883F-98024C84F503} = {86EF5615-DC34-4C28-BB8C-9395124E990C}
		{9A618A47-5EBE-4896-B060-B74E65990F77} = {86EF5615-DC34-4C28-BB8C-9395124E990C}
		{00ECAB39-AF9B-436F-B826-DD6B5E57B7DB} = {EACD92F9-84D7-4928-9350-E69CEDD59582}
		{DA42FA6C-1D3E-4A0E-B8C6-CCA81896D011} = {EACD92F9-84D7-4928-9350-E69CEDD59582}
		{8783FF72-F416-4660-B36D-E2A56FE4FC30} = {EACD92F9-84D7-4928-9350-E69CEDD59582}
		{E47A9C3F-16A3-4C03-A153-F3C53AC732F3} = {EACD92F9-84D7-4928-9350-E69CEDD59582}
		{3FBA8A85-F3FE-455D-B37D-A70BCE8D9E04} = {D7017BBD-2FAB-4C4C-B65D-DA583AA6D93C}
		{E8F5E420-E4A8-48E7-BCCC-7A9DDD6D2B3A} = {D7017BBD-2FAB-4C4C-B65D-DA583AA6D93C}
		{FD72D74B-78B6-4157-91DB-E881DA4DAEC2} = {D7017BBD-2FAB-4C4C-B65D-DA583AA6D93C}
		{308239A1-D618-4576-9CD5-51A4F321AB4F} = {D7017BBD-2FAB-4C4C-B65D-DA583AA6D93C}
		{23357622-F38C-4925-8834-6A8219DFC174} = {5203D501-1A2C-4A11-B6A5-F5B876C491EC}
		{F2B5EC55-1D6D-40D5-9E6E-7C54AAA4717A} = {5203D501-1A2C-4A11-B6A5-F5B876C491EC}
		{34E67CE0-7D61-451E-82B3-3C00F23D6605} = {5203D501-1A2C-4A11-B6A5-F5B876C491EC}
		{3737BBF9-76B1-4B2F-A838-57D8776FB9E2} = {5203D501-1A2C-4A11-B6A5-F5B876C491EC}
	EndGlobalSection
	GlobalSection(ExtensibilityGlobals) = postSolution
		SolutionGuid = {2AC15F4A-2423-49B4-BFE9-D9450A00A7CF}
	EndGlobalSection
EndGlobal
